<?xml version="1.0" encoding="UTF-8" standalone="yes" ?>
<CodeBlocks_project_file>
	<FileVersion major="1" minor="6" />
	<Project>
		<Option title="nuc-243-rte" />
		<Option pch_mode="2" />
		<Option compiler="armnoneeabigcc" />
		<Build>
			<Target title="Debug">
				<Option output="bin/Debug/nuc-243-rte.elf" prefix_auto="1" extension_auto="0" />
				<Option object_output="obj/Debug/" />
				<Option type="1" />
				<Option compiler="armnoneeabigcc" />
				<Compiler>
					<Add option="-Os" />
					<Add option="-g" />
					<Add option="-Og" />
				</Compiler>
			</Target>
			<Target title="Release">
				<Option output="bin/Release/nuc-243-rte.elf" prefix_auto="1" extension_auto="0" />
				<Option object_output="obj/Release/" />
				<Option type="1" />
				<Option compiler="armnoneeabigcc" />
				<Compiler>
					<Add option="-Os" />
				</Compiler>
				<Linker>
					<Add option="-s" />
				</Linker>
			</Target>
		</Build>
		<Compiler>
			<Add option="-mthumb" />
			<Add option="-mcpu=cortex-m3" />
			<Add option="-std=gnu90" />
			<Add option="-fmessage-length=0" />
			<Add option="-fno-builtin" />
			<Add option="-fno-strict-aliasing" />
			<Add option="-ffunction-sections" />
			<Add option="-fdata-sections" />
			<Add option="-DSTM32F2" />
			<Add option="-DNDEBUG" />
			<Add option="-DNOISE_FLT_BUFSZ=128" />
			<Add directory="../../src" />
			<Add directory="../../src/bsp/common/stm32" />
			<Add directory="../../src/bsp/common/stm32/f2" />
			<Add directory="../../src/bsp/common/stm32/f2/fmb_port" />
			<Add directory="../../src/bsp/nuc-243" />
			<Add directory="../../../libopencm3/include" />
			<Add directory="../../../matiec/lib/C" />
			<Add directory="../../../freemodbus-v1.5.0/modbus/include" />
			<Add directory="../../../freemodbus-v1.5.0/modbus/rtu" />
			<Add directory="../../../freemodbus-v1.5.0/modbus/ascii" />
		</Compiler>
		<Linker>
			<Add option="-mthumb" />
			<Add option="-mcpu=cortex-m3" />
			<Add option="-nostdlib" />
			<Add option="-Xlinker" />
			<Add option='-Map=&quot;${TARGET_OUTPUT_FILE}&quot;.map' />
			<Add option="-Wl,--gc-sections,-lgcc" />
			<Add option='-T &quot;../../src/bsp/nuc-243/stm32f205xC-rte.ld&quot;' />
			<Add library="../../../libopencm3/lib/libopencm3_stm32f2.a" />
		</Linker>
		<ExtraCommands>
			<Add after="arm-none-eabi-size ${TARGET_OUTPUT_FILE}" />
			<Mode after="always" />
		</ExtraCommands>
		<Unit filename="../../src/COPYING.GPL3" />
		<Unit filename="../../src/COPYING.LGPL3" />
		<Unit filename="../../src/License.txt" />
		<Unit filename="../../src/bsp/common/plc_tick.c">
			<Option compilerVar="CC" />
		</Unit>
		<Unit filename="../../src/bsp/common/stm32/f2/ADC/adc.c">
			<Option compilerVar="CC" />
		</Unit>
		<Unit filename="../../src/bsp/common/stm32/f2/ADC/adc.h" />
		<Unit filename="../../src/bsp/common/stm32/f2/ADC/adc_common_v1.c">
			<Option compilerVar="CC" />
		</Unit>
		<Unit filename="../../src/bsp/common/stm32/f2/fmb_port/port.h" />
		<Unit filename="../../src/bsp/common/stm32/f2/fmb_port/portevent.c">
			<Option compilerVar="CC" />
		</Unit>
		<Unit filename="../../src/bsp/common/stm32/f2/fmb_port/portother.c">
			<Option compilerVar="CC" />
		</Unit>
		<Unit filename="../../src/bsp/common/stm32/f2/fmb_port/portserial.c">
			<Option compilerVar="CC" />
		</Unit>
		<Unit filename="../../src/bsp/common/stm32/f2/fmb_port/porttimer.c">
			<Option compilerVar="CC" />
		</Unit>
		<Unit filename="../../src/bsp/common/stm32/f2/mbconfig.h" />
		<Unit filename="../../src/bsp/common/stm32/f2/plc_backup.c">
			<Option compilerVar="CC" />
		</Unit>
		<Unit filename="../../src/bsp/common/stm32/f2/plc_clock.c">
			<Option compilerVar="CC" />
		</Unit>
		<Unit filename="../../src/bsp/common/stm32/f2/plc_gpio.c">
			<Option compilerVar="CC" />
		</Unit>
		<Unit filename="../../src/bsp/common/stm32/f2/plc_isr_stubs.c">
			<Option compilerVar="CC" />
		</Unit>
		<Unit filename="../../src/bsp/common/stm32/f2/plc_rtc.c">
			<Option compilerVar="CC" />
		</Unit>
		<Unit filename="../../src/bsp/common/stm32/f2/plc_serial.c">
			<Option compilerVar="CC" />
		</Unit>
		<Unit filename="../../src/bsp/common/stm32/plc_diag.c">
			<Option compilerVar="CC" />
		</Unit>
		<Unit filename="../../src/bsp/common/stm32/plc_gpio.h" />
		<Unit filename="../../src/bsp/common/stm32/plc_hmi.c">
			<Option compilerVar="CC" />
		</Unit>
		<Unit filename="../../src/bsp/common/stm32/plc_hmi.h" />
		<Unit filename="../../src/bsp/nuc-243/hmi_7seg_conf.h" />
		<Unit filename="../../src/bsp/nuc-243/plc_ain.c">
			<Option compilerVar="CC" />
		</Unit>
		<Unit filename="../../src/bsp/nuc-243/plc_ain.h" />
		<Unit filename="../../src/bsp/nuc-243/plc_aout.c">
			<Option compilerVar="CC" />
		</Unit>
		<Unit filename="../../src/bsp/nuc-243/plc_aout.h" />
		<Unit filename="../../src/bsp/nuc-243/plc_config.h" />
		<Unit filename="../../src/bsp/nuc-243/plc_hmi_sys.c">
			<Option compilerVar="CC" />
		</Unit>
		<Unit filename="../../src/bsp/nuc-243/plc_hw.c">
			<Option compilerVar="CC" />
		</Unit>
		<Unit filename="../../src/bsp/nuc-243/plc_iom_reg.c">
			<Option compilerVar="CC" />
		</Unit>
		<Unit filename="../../src/bsp/nuc-243/plc_mbs.c">
			<Option compilerVar="CC" />
		</Unit>
		<Unit filename="../../src/bsp/nuc-243/plc_wait_tmr.c">
			<Option compilerVar="CC" />
		</Unit>
		<Unit filename="../../src/bsp/nuc-243/stm32f205xC-rte.ld" />
		<Unit filename="../../src/dbnc_flt.c">
			<Option compilerVar="CC" />
		</Unit>
		<Unit filename="../../src/dbnc_flt.h" />
		<Unit filename="../../src/frac_div.c">
			<Option compilerVar="CC" />
		</Unit>
		<Unit filename="../../src/frac_div.h" />
		<Unit filename="../../src/main.c">
			<Option compilerVar="CC" />
		</Unit>
		<Unit filename="../../src/noise_flt.c">
			<Option compilerVar="CC" />
		</Unit>
		<Unit filename="../../src/noise_flt.h" />
		<Unit filename="../../src/plc_abi.h" />
		<Unit filename="../../src/plc_app_default.c">
			<Option compilerVar="CC" />
		</Unit>
		<Unit filename="../../src/plc_app_default.h" />
		<Unit filename="../../src/plc_backup.h" />
		<Unit filename="../../src/plc_clock.h" />
		<Unit filename="../../src/plc_dbg.c">
			<Option compilerVar="CC" />
		</Unit>
		<Unit filename="../../src/plc_dbg.h" />
		<Unit filename="../../src/plc_diag.h" />
		<Unit filename="../../src/plc_glue_rte.c">
			<Option compilerVar="CC" />
		</Unit>
		<Unit filename="../../src/plc_hw.h" />
		<Unit filename="../../src/plc_iom.c">
			<Option compilerVar="CC" />
		</Unit>
		<Unit filename="../../src/plc_iom.h" />
		<Unit filename="../../src/plc_libc.c">
			<Option compilerVar="CC" />
		</Unit>
		<Unit filename="../../src/plc_rtc.h" />
		<Unit filename="../../src/plc_tick.h" />
		<Unit filename="../../src/plc_wait_tmr.h" />
		<Unit filename="../../src/xprintf.c">
			<Option compilerVar="CC" />
		</Unit>
		<Unit filename="../../src/xprintf.h" />
		<Unit filename="../../../freemodbus-v1.5.0/modbus/ascii/mbascii.c">
			<Option compilerVar="CC" />
		</Unit>
		<Unit filename="../../../freemodbus-v1.5.0/modbus/ascii/mbascii.h" />
		<Unit filename="../../../freemodbus-v1.5.0/modbus/functions/mbfunccoils.c">
			<Option compilerVar="CC" />
		</Unit>
		<Unit filename="../../../freemodbus-v1.5.0/modbus/functions/mbfuncdiag.c">
			<Option compilerVar="CC" />
		</Unit>
		<Unit filename="../../../freemodbus-v1.5.0/modbus/functions/mbfuncdisc.c">
			<Option compilerVar="CC" />
		</Unit>
		<Unit filename="../../../freemodbus-v1.5.0/modbus/functions/mbfuncholding.c">
			<Option compilerVar="CC" />
		</Unit>
		<Unit filename="../../../freemodbus-v1.5.0/modbus/functions/mbfuncinput.c">
			<Option compilerVar="CC" />
		</Unit>
		<Unit filename="../../../freemodbus-v1.5.0/modbus/functions/mbfuncother.c">
			<Option compilerVar="CC" />
		</Unit>
		<Unit filename="../../../freemodbus-v1.5.0/modbus/functions/mbutils.c">
			<Option compilerVar="CC" />
		</Unit>
		<Unit filename="../../../freemodbus-v1.5.0/modbus/include/mb.h" />
		<Unit filename="../../../freemodbus-v1.5.0/modbus/include/mbconfig.h" />
		<Unit filename="../../../freemodbus-v1.5.0/modbus/include/mbframe.h" />
		<Unit filename="../../../freemodbus-v1.5.0/modbus/include/mbfunc.h" />
		<Unit filename="../../../freemodbus-v1.5.0/modbus/include/mbport.h" />
		<Unit filename="../../../freemodbus-v1.5.0/modbus/include/mbproto.h" />
		<Unit filename="../../../freemodbus-v1.5.0/modbus/include/mbutils.h" />
		<Unit filename="../../../freemodbus-v1.5.0/modbus/mb.c">
			<Option compilerVar="CC" />
		</Unit>
		<Unit filename="../../../freemodbus-v1.5.0/modbus/rtu/mbcrc.c">
			<Option compilerVar="CC" />
		</Unit>
		<Unit filename="../../../freemodbus-v1.5.0/modbus/rtu/mbcrc.h" />
		<Unit filename="../../../freemodbus-v1.5.0/modbus/rtu/mbrtu.c">
			<Option compilerVar="CC" />
		</Unit>
		<Unit filename="../../../freemodbus-v1.5.0/modbus/rtu/mbrtu.h" />
		<Extensions>
			<envvars />
			<code_completion />
			<debugger>
				<search_path add="bin/Debug" />
				<remote_debugging>
					<options conn_type="0" serial_baud="115200" ip_address="127.0.0.1" ip_port="4242" additional_cmds="load&#x0A;tb main&#x0A;monitor jtag_reset" additional_cmds_before="shell xterm -e st-util &amp; disown&#x0A;set remotetimeout 60000" />
				</remote_debugging>
			</debugger>
			<lib_finder disable_auto="1" />
		</Extensions>
	</Project>
</CodeBlocks_project_file>
